// !$*UTF8*$!
{
	archiveVersion = 1;
	classes = {
	};
	objectVersion = 48;
	objects = {

/* Begin PBXBuildFile section */
		27AB82FEBD253C44E3509397 /* Pods_LTWB.framework in Frameworks */ = {isa = PBXBuildFile; fileRef = 5646CD40F8DDED96DBABBDFC /* Pods_LTWB.framework */; };
		D424156820C53B6D002168B2 /* TLPictureCell.swift in Sources */ = {isa = PBXBuildFile; fileRef = D424156620C53B6D002168B2 /* TLPictureCell.swift */; };
		D424156920C53B6D002168B2 /* TLPictureCell.xib in Resources */ = {isa = PBXBuildFile; fileRef = D424156720C53B6D002168B2 /* TLPictureCell.xib */; };
		D4411C5020AEB3A70034BBE7 /* home.storyboard in Resources */ = {isa = PBXBuildFile; fileRef = D4411C4E20AEB3A70034BBE7 /* home.storyboard */; };
		D4411C5220AEB3C40034BBE7 /* message.storyboard in Resources */ = {isa = PBXBuildFile; fileRef = D4411C5120AEB3C40034BBE7 /* message.storyboard */; };
		D4411C5520AEB3DD0034BBE7 /* discover.storyboard in Resources */ = {isa = PBXBuildFile; fileRef = D4411C5320AEB3DD0034BBE7 /* discover.storyboard */; };
		D4411C5720AEB3EF0034BBE7 /* profile.storyboard in Resources */ = {isa = PBXBuildFile; fileRef = D4411C5620AEB3EF0034BBE7 /* profile.storyboard */; };
		D4411C5A20AEB4D00034BBE7 /* Null.storyboard in Resources */ = {isa = PBXBuildFile; fileRef = D4411C5820AEB4D00034BBE7 /* Null.storyboard */; };
		D4659AB120B66B9800C733A6 /* OauthViewController.swift in Sources */ = {isa = PBXBuildFile; fileRef = D4659AAF20B66B9800C733A6 /* OauthViewController.swift */; };
		D4659AB420B68A7000C733A6 /* Comment.swift in Sources */ = {isa = PBXBuildFile; fileRef = D4659AB320B68A7000C733A6 /* Comment.swift */; };
		D4792F4020AE5DE000C9012B /* AppDelegate.swift in Sources */ = {isa = PBXBuildFile; fileRef = D4792F3F20AE5DE000C9012B /* AppDelegate.swift */; };
		D4792F4520AE5DE000C9012B /* Main.storyboard in Resources */ = {isa = PBXBuildFile; fileRef = D4792F4320AE5DE000C9012B /* Main.storyboard */; };
		D4792F4720AE5DE000C9012B /* Assets.xcassets in Resources */ = {isa = PBXBuildFile; fileRef = D4792F4620AE5DE000C9012B /* Assets.xcassets */; };
		D4792F5520AE5DE000C9012B /* LTWBTests.swift in Sources */ = {isa = PBXBuildFile; fileRef = D4792F5420AE5DE000C9012B /* LTWBTests.swift */; };
		D4792F6020AE5DE000C9012B /* LTWBUITests.swift in Sources */ = {isa = PBXBuildFile; fileRef = D4792F5F20AE5DE000C9012B /* LTWBUITests.swift */; };
		D4792F7820AE624E00C9012B /* MainTabBarViewController.swift in Sources */ = {isa = PBXBuildFile; fileRef = D4792F7720AE624E00C9012B /* MainTabBarViewController.swift */; };
		D4792F7A20AE626200C9012B /* HomeViewController.swift in Sources */ = {isa = PBXBuildFile; fileRef = D4792F7920AE626200C9012B /* HomeViewController.swift */; };
		D4792F7C20AE627500C9012B /* MessageViewController.swift in Sources */ = {isa = PBXBuildFile; fileRef = D4792F7B20AE627500C9012B /* MessageViewController.swift */; };
		D4792F7E20AE628700C9012B /* DiscoverViewController.swift in Sources */ = {isa = PBXBuildFile; fileRef = D4792F7D20AE628700C9012B /* DiscoverViewController.swift */; };
		D4792F8020AE629900C9012B /* ProfileViewController.swift in Sources */ = {isa = PBXBuildFile; fileRef = D4792F7F20AE629900C9012B /* ProfileViewController.swift */; };
		D4792F8220AE634200C9012B /* MainVCSettings.json in Resources */ = {isa = PBXBuildFile; fileRef = D4792F8120AE634200C9012B /* MainVCSettings.json */; };
		D47BDE7C20BD3469001B093A /* Statuses.swift in Sources */ = {isa = PBXBuildFile; fileRef = D47BDE7B20BD3469001B093A /* Statuses.swift */; };
		D47C4D3920BE4CDA0030A4A9 /* Date+Extension.swift in Sources */ = {isa = PBXBuildFile; fileRef = D47C4D3820BE4CDA0030A4A9 /* Date+Extension.swift */; };
		D47C4D3B20BE7F360030A4A9 /* User.swift in Sources */ = {isa = PBXBuildFile; fileRef = D47C4D3A20BE7F360030A4A9 /* User.swift */; };
		D47C4D3D20BE892E0030A4A9 /* StatusesViewModel.swift in Sources */ = {isa = PBXBuildFile; fileRef = D47C4D3C20BE892E0030A4A9 /* StatusesViewModel.swift */; };
		D47C4D4020BE93870030A4A9 /* TLHomeViewCell.swift in Sources */ = {isa = PBXBuildFile; fileRef = D47C4D3E20BE93870030A4A9 /* TLHomeViewCell.swift */; };
		D47C4D4120BE93870030A4A9 /* TLHomeViewCell.xib in Resources */ = {isa = PBXBuildFile; fileRef = D47C4D3F20BE93870030A4A9 /* TLHomeViewCell.xib */; };
		D498A6AF20B2A0360047F571 /* UIButton+Extension.swift in Sources */ = {isa = PBXBuildFile; fileRef = D498A6AE20B2A0360047F571 /* UIButton+Extension.swift */; };
		D498A6B220B2B8320047F571 /* BaseTableViewController.swift in Sources */ = {isa = PBXBuildFile; fileRef = D498A6B120B2B8320047F571 /* BaseTableViewController.swift */; };
		D498A6B420B2B9750047F571 /* VisitorView.swift in Sources */ = {isa = PBXBuildFile; fileRef = D498A6B320B2B9750047F571 /* VisitorView.swift */; };
		D498A6B620B2B9930047F571 /* VisitorView.xib in Resources */ = {isa = PBXBuildFile; fileRef = D498A6B520B2B9930047F571 /* VisitorView.xib */; };
		D4A8B80E20B3C4620004E897 /* UIBarButtonItem+Extention.swift in Sources */ = {isa = PBXBuildFile; fileRef = D4A8B80D20B3C4620004E897 /* UIBarButtonItem+Extention.swift */; };
		D4A8B81020B3E8160004E897 /* TitleButton.swift in Sources */ = {isa = PBXBuildFile; fileRef = D4A8B80F20B3E8160004E897 /* TitleButton.swift */; };
		D4A8B81420B3FC990004E897 /* PopoverViewController.swift in Sources */ = {isa = PBXBuildFile; fileRef = D4A8B81220B3FC990004E897 /* PopoverViewController.swift */; };
		D4A8B81520B3FC990004E897 /* PopoverViewController.xib in Resources */ = {isa = PBXBuildFile; fileRef = D4A8B81320B3FC990004E897 /* PopoverViewController.xib */; };
		D4A8B81720B401530004E897 /* TLPresentationController.swift in Sources */ = {isa = PBXBuildFile; fileRef = D4A8B81620B401530004E897 /* TLPresentationController.swift */; };
		D4A8B81920B41D350004E897 /* PopoverAnimatior.swift in Sources */ = {isa = PBXBuildFile; fileRef = D4A8B81820B41D350004E897 /* PopoverAnimatior.swift */; };
		D4B4FC3220C7BBB300607943 /* TLComposeViewController.swift in Sources */ = {isa = PBXBuildFile; fileRef = D4B4FC3020C7BBB300607943 /* TLComposeViewController.swift */; };
		D4B4FC3320C7BBB300607943 /* TLComposeViewController.xib in Resources */ = {isa = PBXBuildFile; fileRef = D4B4FC3120C7BBB300607943 /* TLComposeViewController.xib */; };
		D4B4FC3520C7BE3D00607943 /* TLComPoseTitleView.swift in Sources */ = {isa = PBXBuildFile; fileRef = D4B4FC3420C7BE3D00607943 /* TLComPoseTitleView.swift */; };
		D4B4FC3720C7C9D600607943 /* TLComposeTextView.swift in Sources */ = {isa = PBXBuildFile; fileRef = D4B4FC3620C7C9D600607943 /* TLComposeTextView.swift */; };
		D4BE3C9D20BBA6C800241E7D /* TLUserAcountViewModel.swift in Sources */ = {isa = PBXBuildFile; fileRef = D4BE3C9C20BBA6C800241E7D /* TLUserAcountViewModel.swift */; };
		D4BE3CF420BC006C00241E7D /* TLWelcomeController.swift in Sources */ = {isa = PBXBuildFile; fileRef = D4BE3CF220BC006C00241E7D /* TLWelcomeController.swift */; };
		D4BE3CF520BC006C00241E7D /* TLWelcomeController.xib in Resources */ = {isa = PBXBuildFile; fileRef = D4BE3CF320BC006C00241E7D /* TLWelcomeController.xib */; };
		D4BEE05D20B7EC4A00C021A9 /* TLUserAcount.swift in Sources */ = {isa = PBXBuildFile; fileRef = D4BEE05C20B7EC4A00C021A9 /* TLUserAcount.swift */; };
		D4E784C520B54BA600102AA7 /* TLNetWorkTools.swift in Sources */ = {isa = PBXBuildFile; fileRef = D4E784C420B54BA600102AA7 /* TLNetWorkTools.swift */; };
		D4FE928D20BFE16300287814 /* PictureCollectionView.swift in Sources */ = {isa = PBXBuildFile; fileRef = D4FE928C20BFE16300287814 /* PictureCollectionView.swift */; };
/* End PBXBuildFile section */

/* Begin PBXContainerItemProxy section */
		D4792F5120AE5DE000C9012B /* PBXContainerItemProxy */ = {
			isa = PBXContainerItemProxy;
			containerPortal = D4792F3420AE5DE000C9012B /* Project object */;
			proxyType = 1;
			remoteGlobalIDString = D4792F3B20AE5DE000C9012B;
			remoteInfo = LTWB;
		};
		D4792F5C20AE5DE000C9012B /* PBXContainerItemProxy */ = {
			isa = PBXContainerItemProxy;
			containerPortal = D4792F3420AE5DE000C9012B /* Project object */;
			proxyType = 1;
			remoteGlobalIDString = D4792F3B20AE5DE000C9012B;
			remoteInfo = LTWB;
		};
/* End PBXContainerItemProxy section */

/* Begin PBXFileReference section */
		5646CD40F8DDED96DBABBDFC /* Pods_LTWB.framework */ = {isa = PBXFileReference; explicitFileType = wrapper.framework; includeInIndex = 0; path = Pods_LTWB.framework; sourceTree = BUILT_PRODUCTS_DIR; };
		D424156620C53B6D002168B2 /* TLPictureCell.swift */ = {isa = PBXFileReference; lastKnownFileType = sourcecode.swift; path = TLPictureCell.swift; sourceTree = "<group>"; };
		D424156720C53B6D002168B2 /* TLPictureCell.xib */ = {isa = PBXFileReference; lastKnownFileType = file.xib; path = TLPictureCell.xib; sourceTree = "<group>"; };
		D4411C4F20AEB3A70034BBE7 /* Base */ = {isa = PBXFileReference; lastKnownFileType = file.storyboard; name = Base; path = LTWB/Base.lproj/home.storyboard; sourceTree = "<group>"; };
		D4411C5120AEB3C40034BBE7 /* message.storyboard */ = {isa = PBXFileReference; fileEncoding = 4; lastKnownFileType = file.storyboard; path = message.storyboard; sourceTree = "<group>"; };
		D4411C5420AEB3DD0034BBE7 /* Base */ = {isa = PBXFileReference; lastKnownFileType = file.storyboard; name = Base; path = LTWB/Base.lproj/discover.storyboard; sourceTree = "<group>"; };
		D4411C5620AEB3EF0034BBE7 /* profile.storyboard */ = {isa = PBXFileReference; fileEncoding = 4; lastKnownFileType = file.storyboard; path = profile.storyboard; sourceTree = "<group>"; };
		D4411C5920AEB4D00034BBE7 /* Base */ = {isa = PBXFileReference; lastKnownFileType = file.storyboard; name = Base; path = LTWB/Base.lproj/Null.storyboard; sourceTree = "<group>"; };
		D4659AAF20B66B9800C733A6 /* OauthViewController.swift */ = {isa = PBXFileReference; lastKnownFileType = sourcecode.swift; path = OauthViewController.swift; sourceTree = "<group>"; };
		D4659AB320B68A7000C733A6 /* Comment.swift */ = {isa = PBXFileReference; lastKnownFileType = sourcecode.swift; path = Comment.swift; sourceTree = "<group>"; };
		D4792F3C20AE5DE000C9012B /* LTWB.app */ = {isa = PBXFileReference; explicitFileType = wrapper.application; includeInIndex = 0; path = LTWB.app; sourceTree = BUILT_PRODUCTS_DIR; };
		D4792F3F20AE5DE000C9012B /* AppDelegate.swift */ = {isa = PBXFileReference; lastKnownFileType = sourcecode.swift; path = AppDelegate.swift; sourceTree = "<group>"; };
		D4792F4420AE5DE000C9012B /* Base */ = {isa = PBXFileReference; lastKnownFileType = file.storyboard; name = Base; path = Base.lproj/Main.storyboard; sourceTree = "<group>"; };
		D4792F4620AE5DE000C9012B /* Assets.xcassets */ = {isa = PBXFileReference; lastKnownFileType = folder.assetcatalog; path = Assets.xcassets; sourceTree = "<group>"; };
		D4792F4B20AE5DE000C9012B /* Info.plist */ = {isa = PBXFileReference; lastKnownFileType = text.plist.xml; path = Info.plist; sourceTree = "<group>"; };
		D4792F5020AE5DE000C9012B /* LTWBTests.xctest */ = {isa = PBXFileReference; explicitFileType = wrapper.cfbundle; includeInIndex = 0; path = LTWBTests.xctest; sourceTree = BUILT_PRODUCTS_DIR; };
		D4792F5420AE5DE000C9012B /* LTWBTests.swift */ = {isa = PBXFileReference; lastKnownFileType = sourcecode.swift; path = LTWBTests.swift; sourceTree = "<group>"; };
		D4792F5620AE5DE000C9012B /* Info.plist */ = {isa = PBXFileReference; lastKnownFileType = text.plist.xml; path = Info.plist; sourceTree = "<group>"; };
		D4792F5B20AE5DE000C9012B /* LTWBUITests.xctest */ = {isa = PBXFileReference; explicitFileType = wrapper.cfbundle; includeInIndex = 0; path = LTWBUITests.xctest; sourceTree = BUILT_PRODUCTS_DIR; };
		D4792F5F20AE5DE000C9012B /* LTWBUITests.swift */ = {isa = PBXFileReference; lastKnownFileType = sourcecode.swift; path = LTWBUITests.swift; sourceTree = "<group>"; };
		D4792F6120AE5DE000C9012B /* Info.plist */ = {isa = PBXFileReference; lastKnownFileType = text.plist.xml; path = Info.plist; sourceTree = "<group>"; };
		D4792F7720AE624E00C9012B /* MainTabBarViewController.swift */ = {isa = PBXFileReference; lastKnownFileType = sourcecode.swift; path = MainTabBarViewController.swift; sourceTree = "<group>"; };
		D4792F7920AE626200C9012B /* HomeViewController.swift */ = {isa = PBXFileReference; lastKnownFileType = sourcecode.swift; path = HomeViewController.swift; sourceTree = "<group>"; };
		D4792F7B20AE627500C9012B /* MessageViewController.swift */ = {isa = PBXFileReference; lastKnownFileType = sourcecode.swift; path = MessageViewController.swift; sourceTree = "<group>"; };
		D4792F7D20AE628700C9012B /* DiscoverViewController.swift */ = {isa = PBXFileReference; lastKnownFileType = sourcecode.swift; path = DiscoverViewController.swift; sourceTree = "<group>"; };
		D4792F7F20AE629900C9012B /* ProfileViewController.swift */ = {isa = PBXFileReference; lastKnownFileType = sourcecode.swift; path = ProfileViewController.swift; sourceTree = "<group>"; };
		D4792F8120AE634200C9012B /* MainVCSettings.json */ = {isa = PBXFileReference; fileEncoding = 4; lastKnownFileType = text.json; path = MainVCSettings.json; sourceTree = "<group>"; };
		D47BDE7B20BD3469001B093A /* Statuses.swift */ = {isa = PBXFileReference; lastKnownFileType = sourcecode.swift; path = Statuses.swift; sourceTree = "<group>"; };
		D47C4D3820BE4CDA0030A4A9 /* Date+Extension.swift */ = {isa = PBXFileReference; lastKnownFileType = sourcecode.swift; path = "Date+Extension.swift"; sourceTree = "<group>"; };
		D47C4D3A20BE7F360030A4A9 /* User.swift */ = {isa = PBXFileReference; lastKnownFileType = sourcecode.swift; path = User.swift; sourceTree = "<group>"; };
		D47C4D3C20BE892E0030A4A9 /* StatusesViewModel.swift */ = {isa = PBXFileReference; lastKnownFileType = sourcecode.swift; path = StatusesViewModel.swift; sourceTree = "<group>"; };
		D47C4D3E20BE93870030A4A9 /* TLHomeViewCell.swift */ = {isa = PBXFileReference; lastKnownFileType = sourcecode.swift; path = TLHomeViewCell.swift; sourceTree = "<group>"; };
		D47C4D3F20BE93870030A4A9 /* TLHomeViewCell.xib */ = {isa = PBXFileReference; lastKnownFileType = file.xib; path = TLHomeViewCell.xib; sourceTree = "<group>"; };
		D498A6AE20B2A0360047F571 /* UIButton+Extension.swift */ = {isa = PBXFileReference; lastKnownFileType = sourcecode.swift; path = "UIButton+Extension.swift"; sourceTree = "<group>"; };
		D498A6B120B2B8320047F571 /* BaseTableViewController.swift */ = {isa = PBXFileReference; lastKnownFileType = sourcecode.swift; path = BaseTableViewController.swift; sourceTree = "<group>"; };
		D498A6B320B2B9750047F571 /* VisitorView.swift */ = {isa = PBXFileReference; lastKnownFileType = sourcecode.swift; path = VisitorView.swift; sourceTree = "<group>"; };
		D498A6B520B2B9930047F571 /* VisitorView.xib */ = {isa = PBXFileReference; lastKnownFileType = file.xib; path = VisitorView.xib; sourceTree = "<group>"; };
		D4A8B80D20B3C4620004E897 /* UIBarButtonItem+Extention.swift */ = {isa = PBXFileReference; lastKnownFileType = sourcecode.swift; path = "UIBarButtonItem+Extention.swift"; sourceTree = "<group>"; };
		D4A8B80F20B3E8160004E897 /* TitleButton.swift */ = {isa = PBXFileReference; lastKnownFileType = sourcecode.swift; path = TitleButton.swift; sourceTree = "<group>"; };
		D4A8B81220B3FC990004E897 /* PopoverViewController.swift */ = {isa = PBXFileReference; lastKnownFileType = sourcecode.swift; path = PopoverViewController.swift; sourceTree = "<group>"; };
		D4A8B81320B3FC990004E897 /* PopoverViewController.xib */ = {isa = PBXFileReference; lastKnownFileType = file.xib; path = PopoverViewController.xib; sourceTree = "<group>"; };
		D4A8B81620B401530004E897 /* TLPresentationController.swift */ = {isa = PBXFileReference; lastKnownFileType = sourcecode.swift; path = TLPresentationController.swift; sourceTree = "<group>"; };
		D4A8B81820B41D350004E897 /* PopoverAnimatior.swift */ = {isa = PBXFileReference; lastKnownFileType = sourcecode.swift; path = PopoverAnimatior.swift; sourceTree = "<group>"; };
		D4B4FC3020C7BBB300607943 /* TLComposeViewController.swift */ = {isa = PBXFileReference; lastKnownFileType = sourcecode.swift; path = TLComposeViewController.swift; sourceTree = "<group>"; };
		D4B4FC3120C7BBB300607943 /* TLComposeViewController.xib */ = {isa = PBXFileReference; lastKnownFileType = file.xib; path = TLComposeViewController.xib; sourceTree = "<group>"; };
		D4B4FC3420C7BE3D00607943 /* TLComPoseTitleView.swift */ = {isa = PBXFileReference; lastKnownFileType = sourcecode.swift; path = TLComPoseTitleView.swift; sourceTree = "<group>"; };
		D4B4FC3620C7C9D600607943 /* TLComposeTextView.swift */ = {isa = PBXFileReference; lastKnownFileType = sourcecode.swift; path = TLComposeTextView.swift; sourceTree = "<group>"; };
		D4BE3C9C20BBA6C800241E7D /* TLUserAcountViewModel.swift */ = {isa = PBXFileReference; lastKnownFileType = sourcecode.swift; path = TLUserAcountViewModel.swift; sourceTree = "<group>"; };
		D4BE3CF220BC006C00241E7D /* TLWelcomeController.swift */ = {isa = PBXFileReference; lastKnownFileType = sourcecode.swift; path = TLWelcomeController.swift; sourceTree = "<group>"; };
		D4BE3CF320BC006C00241E7D /* TLWelcomeController.xib */ = {isa = PBXFileReference; lastKnownFileType = file.xib; path = TLWelcomeController.xib; sourceTree = "<group>"; };
		D4BEE05C20B7EC4A00C021A9 /* TLUserAcount.swift */ = {isa = PBXFileReference; lastKnownFileType = sourcecode.swift; path = TLUserAcount.swift; sourceTree = "<group>"; };
		D4E784C420B54BA600102AA7 /* TLNetWorkTools.swift */ = {isa = PBXFileReference; lastKnownFileType = sourcecode.swift; path = TLNetWorkTools.swift; sourceTree = "<group>"; };
		D4FE928C20BFE16300287814 /* PictureCollectionView.swift */ = {isa = PBXFileReference; lastKnownFileType = sourcecode.swift; path = PictureCollectionView.swift; sourceTree = "<group>"; };
		F3F09791194D6A7C4A7DAE83 /* Pods-LTWB.debug.xcconfig */ = {isa = PBXFileReference; includeInIndex = 1; lastKnownFileType = text.xcconfig; name = "Pods-LTWB.debug.xcconfig"; path = "Pods/Target Support Files/Pods-LTWB/Pods-LTWB.debug.xcconfig"; sourceTree = "<group>"; };
		F843A839D45FBC43520AAE31 /* Pods-LTWB.release.xcconfig */ = {isa = PBXFileReference; includeInIndex = 1; lastKnownFileType = text.xcconfig; name = "Pods-LTWB.release.xcconfig"; path = "Pods/Target Support Files/Pods-LTWB/Pods-LTWB.release.xcconfig"; sourceTree = "<group>"; };
/* End PBXFileReference section */

/* Begin PBXFrameworksBuildPhase section */
		D4792F3920AE5DE000C9012B /* Frameworks */ = {
			isa = PBXFrameworksBuildPhase;
			buildActionMask = 2147483647;
			files = (
				27AB82FEBD253C44E3509397 /* Pods_LTWB.framework in Frameworks */,
			);
			runOnlyForDeploymentPostprocessing = 0;
		};
		D4792F4D20AE5DE000C9012B /* Frameworks */ = {
			isa = PBXFrameworksBuildPhase;
			buildActionMask = 2147483647;
			files = (
			);
			runOnlyForDeploymentPostprocessing = 0;
		};
		D4792F5820AE5DE000C9012B /* Frameworks */ = {
			isa = PBXFrameworksBuildPhase;
			buildActionMask = 2147483647;
			files = (
			);
			runOnlyForDeploymentPostprocessing = 0;
		};
/* End PBXFrameworksBuildPhase section */

/* Begin PBXGroup section */
		C2FFFB87706AB3C6418B168F /* Frameworks */ = {
			isa = PBXGroup;
			children = (
				5646CD40F8DDED96DBABBDFC /* Pods_LTWB.framework */,
			);
			name = Frameworks;
			sourceTree = "<group>";
		};
		D4411C4D20AEAFCE0034BBE7 /* Resource */ = {
			isa = PBXGroup;
			children = (
				D4411C5820AEB4D00034BBE7 /* Null.storyboard */,
				D4792F8120AE634200C9012B /* MainVCSettings.json */,
			);
			path = Resource;
			sourceTree = "<group>";
		};
		D4659AAE20B66B7600C733A6 /* Oauth */ = {
			isa = PBXGroup;
			children = (
				D4659AAF20B66B9800C733A6 /* OauthViewController.swift */,
				D4BEE05C20B7EC4A00C021A9 /* TLUserAcount.swift */,
				D4BE3C9C20BBA6C800241E7D /* TLUserAcountViewModel.swift */,
			);
			path = Oauth;
			sourceTree = "<group>";
		};
		D4792F3320AE5DE000C9012B = {
			isa = PBXGroup;
			children = (
				D4792F3E20AE5DE000C9012B /* LTWB */,
				D4792F5320AE5DE000C9012B /* LTWBTests */,
				D4792F5E20AE5DE000C9012B /* LTWBUITests */,
				D4792F3D20AE5DE000C9012B /* Products */,
				DE469E67C74293603F161D22 /* Pods */,
				C2FFFB87706AB3C6418B168F /* Frameworks */,
			);
			sourceTree = "<group>";
		};
		D4792F3D20AE5DE000C9012B /* Products */ = {
			isa = PBXGroup;
			children = (
				D4792F3C20AE5DE000C9012B /* LTWB.app */,
				D4792F5020AE5DE000C9012B /* LTWBTests.xctest */,
				D4792F5B20AE5DE000C9012B /* LTWBUITests.xctest */,
			);
			name = Products;
			sourceTree = "<group>";
		};
		D4792F3E20AE5DE000C9012B /* LTWB */ = {
			isa = PBXGroup;
			children = (
				D4792F6F20AE618400C9012B /* Class */,
				D4792F3F20AE5DE000C9012B /* AppDelegate.swift */,
				D4792F4320AE5DE000C9012B /* Main.storyboard */,
				D4792F4620AE5DE000C9012B /* Assets.xcassets */,
				D4792F4B20AE5DE000C9012B /* Info.plist */,
			);
			path = LTWB;
			sourceTree = "<group>";
		};
		D4792F5320AE5DE000C9012B /* LTWBTests */ = {
			isa = PBXGroup;
			children = (
				D4792F5420AE5DE000C9012B /* LTWBTests.swift */,
				D4792F5620AE5DE000C9012B /* Info.plist */,
			);
			path = LTWBTests;
			sourceTree = "<group>";
		};
		D4792F5E20AE5DE000C9012B /* LTWBUITests */ = {
			isa = PBXGroup;
			children = (
				D4792F5F20AE5DE000C9012B /* LTWBUITests.swift */,
				D4792F6120AE5DE000C9012B /* Info.plist */,
			);
			path = LTWBUITests;
			sourceTree = "<group>";
		};
		D4792F6F20AE618400C9012B /* Class */ = {
			isa = PBXGroup;
			children = (
				D4792F7420AE61D900C9012B /* Main */,
				D4B4FC2F20C7BB8500607943 /* Compose */,
				D4792F7120AE618400C9012B /* Home */,
				D4792F7220AE618400C9012B /* Message */,
				D4792F7020AE618400C9012B /* Discover */,
				D4792F7320AE618400C9012B /* Profile */,
				D498A6AC20B29FDA0047F571 /* Tools */,
			);
			path = Class;
			sourceTree = "<group>";
		};
		D4792F7020AE618400C9012B /* Discover */ = {
			isa = PBXGroup;
			children = (
				D4411C5320AEB3DD0034BBE7 /* discover.storyboard */,
				D4792F7D20AE628700C9012B /* DiscoverViewController.swift */,
			);
			path = Discover;
			sourceTree = "<group>";
		};
		D4792F7120AE618400C9012B /* Home */ = {
			isa = PBXGroup;
			children = (
				D4A8B81120B3FC6D0004E897 /* UIPopover */,
				D47BDE7A20BD343F001B093A /* HomeModel */,
				D4411C4E20AEB3A70034BBE7 /* home.storyboard */,
				D4792F7920AE626200C9012B /* HomeViewController.swift */,
				D47C4D3E20BE93870030A4A9 /* TLHomeViewCell.swift */,
				D47C4D3F20BE93870030A4A9 /* TLHomeViewCell.xib */,
				D4FE928C20BFE16300287814 /* PictureCollectionView.swift */,
				D424156620C53B6D002168B2 /* TLPictureCell.swift */,
				D424156720C53B6D002168B2 /* TLPictureCell.xib */,
			);
			path = Home;
			sourceTree = "<group>";
		};
		D4792F7220AE618400C9012B /* Message */ = {
			isa = PBXGroup;
			children = (
				D4411C5120AEB3C40034BBE7 /* message.storyboard */,
				D4792F7B20AE627500C9012B /* MessageViewController.swift */,
			);
			path = Message;
			sourceTree = "<group>";
		};
		D4792F7320AE618400C9012B /* Profile */ = {
			isa = PBXGroup;
			children = (
				D4411C5620AEB3EF0034BBE7 /* profile.storyboard */,
				D4792F7F20AE629900C9012B /* ProfileViewController.swift */,
			);
			path = Profile;
			sourceTree = "<group>";
		};
		D4792F7420AE61D900C9012B /* Main */ = {
			isa = PBXGroup;
			children = (
				D4659AAE20B66B7600C733A6 /* Oauth */,
				D4411C4D20AEAFCE0034BBE7 /* Resource */,
				D498A6B020B2B7FF0047F571 /* visitor */,
				D4792F7720AE624E00C9012B /* MainTabBarViewController.swift */,
			);
			path = Main;
			sourceTree = "<group>";
		};
		D47BDE7A20BD343F001B093A /* HomeModel */ = {
			isa = PBXGroup;
			children = (
				D47BDE7B20BD3469001B093A /* Statuses.swift */,
				D47C4D3A20BE7F360030A4A9 /* User.swift */,
				D47C4D3C20BE892E0030A4A9 /* StatusesViewModel.swift */,
			);
			path = HomeModel;
			sourceTree = "<group>";
		};
		D498A6AC20B29FDA0047F571 /* Tools */ = {
			isa = PBXGroup;
			children = (
				D498A6AD20B29FDA0047F571 /* Category */,
				D4A8B80F20B3E8160004E897 /* TitleButton.swift */,
				D4E784C420B54BA600102AA7 /* TLNetWorkTools.swift */,
				D4659AB320B68A7000C733A6 /* Comment.swift */,
			);
			path = Tools;
			sourceTree = "<group>";
		};
		D498A6AD20B29FDA0047F571 /* Category */ = {
			isa = PBXGroup;
			children = (
				D498A6AE20B2A0360047F571 /* UIButton+Extension.swift */,
				D4A8B80D20B3C4620004E897 /* UIBarButtonItem+Extention.swift */,
				D47C4D3820BE4CDA0030A4A9 /* Date+Extension.swift */,
			);
			path = Category;
			sourceTree = "<group>";
		};
		D498A6B020B2B7FF0047F571 /* visitor */ = {
			isa = PBXGroup;
			children = (
				D498A6B120B2B8320047F571 /* BaseTableViewController.swift */,
				D498A6B320B2B9750047F571 /* VisitorView.swift */,
				D498A6B520B2B9930047F571 /* VisitorView.xib */,
				D4BE3CF220BC006C00241E7D /* TLWelcomeController.swift */,
				D4BE3CF320BC006C00241E7D /* TLWelcomeController.xib */,
			);
			path = visitor;
			sourceTree = "<group>";
		};
		D4A8B81120B3FC6D0004E897 /* UIPopover */ = {
			isa = PBXGroup;
			children = (
				D4A8B81620B401530004E897 /* TLPresentationController.swift */,
				D4A8B81220B3FC990004E897 /* PopoverViewController.swift */,
				D4A8B81320B3FC990004E897 /* PopoverViewController.xib */,
				D4A8B81820B41D350004E897 /* PopoverAnimatior.swift */,
			);
			path = UIPopover;
			sourceTree = "<group>";
		};
		D4B4FC2F20C7BB8500607943 /* Compose */ = {
			isa = PBXGroup;
			children = (
				D4B4FC3020C7BBB300607943 /* TLComposeViewController.swift */,
				D4B4FC3120C7BBB300607943 /* TLComposeViewController.xib */,
				D4B4FC3420C7BE3D00607943 /* TLComPoseTitleView.swift */,
				D4B4FC3620C7C9D600607943 /* TLComposeTextView.swift */,
			);
			path = Compose;
			sourceTree = "<group>";
		};
		DE469E67C74293603F161D22 /* Pods */ = {
			isa = PBXGroup;
			children = (
				F3F09791194D6A7C4A7DAE83 /* Pods-LTWB.debug.xcconfig */,
				F843A839D45FBC43520AAE31 /* Pods-LTWB.release.xcconfig */,
			);
			name = Pods;
			sourceTree = "<group>";
		};
/* End PBXGroup section */

/* Begin PBXNativeTarget section */
		D4792F3B20AE5DE000C9012B /* LTWB */ = {
			isa = PBXNativeTarget;
			buildConfigurationList = D4792F6420AE5DE000C9012B /* Build configuration list for PBXNativeTarget "LTWB" */;
			buildPhases = (
				378AC5FE3946268EEB440C09 /* [CP] Check Pods Manifest.lock */,
				D4792F3820AE5DE000C9012B /* Sources */,
				D4792F3920AE5DE000C9012B /* Frameworks */,
				D4792F3A20AE5DE000C9012B /* Resources */,
				C114A7B9162AC4B937660ED4 /* [CP] Embed Pods Frameworks */,
			);
			buildRules = (
			);
			dependencies = (
			);
			name = LTWB;
			productName = LTWB;
			productReference = D4792F3C20AE5DE000C9012B /* LTWB.app */;
			productType = "com.apple.product-type.application";
		};
		D4792F4F20AE5DE000C9012B /* LTWBTests */ = {
			isa = PBXNativeTarget;
			buildConfigurationList = D4792F6720AE5DE000C9012B /* Build configuration list for PBXNativeTarget "LTWBTests" */;
			buildPhases = (
				D4792F4C20AE5DE000C9012B /* Sources */,
				D4792F4D20AE5DE000C9012B /* Frameworks */,
				D4792F4E20AE5DE000C9012B /* Resources */,
			);
			buildRules = (
			);
			dependencies = (
				D4792F5220AE5DE000C9012B /* PBXTargetDependency */,
			);
			name = LTWBTests;
			productName = LTWBTests;
			productReference = D4792F5020AE5DE000C9012B /* LTWBTests.xctest */;
			productType = "com.apple.product-type.bundle.unit-test";
		};
		D4792F5A20AE5DE000C9012B /* LTWBUITests */ = {
			isa = PBXNativeTarget;
			buildConfigurationList = D4792F6A20AE5DE000C9012B /* Build configuration list for PBXNativeTarget "LTWBUITests" */;
			buildPhases = (
				D4792F5720AE5DE000C9012B /* Sources */,
				D4792F5820AE5DE000C9012B /* Frameworks */,
				D4792F5920AE5DE000C9012B /* Resources */,
			);
			buildRules = (
			);
			dependencies = (
				D4792F5D20AE5DE000C9012B /* PBXTargetDependency */,
			);
			name = LTWBUITests;
			productName = LTWBUITests;
			productReference = D4792F5B20AE5DE000C9012B /* LTWBUITests.xctest */;
			productType = "com.apple.product-type.bundle.ui-testing";
		};
/* End PBXNativeTarget section */

/* Begin PBXProject section */
		D4792F3420AE5DE000C9012B /* Project object */ = {
			isa = PBXProject;
			attributes = {
				CLASSPREFIX = TL;
				LastSwiftUpdateCheck = 0920;
				LastUpgradeCheck = 0920;
				ORGANIZATIONNAME = corepress;
				TargetAttributes = {
					D4792F3B20AE5DE000C9012B = {
						CreatedOnToolsVersion = 9.2;
						ProvisioningStyle = Automatic;
					};
					D4792F4F20AE5DE000C9012B = {
						CreatedOnToolsVersion = 9.2;
						ProvisioningStyle = Automatic;
						TestTargetID = D4792F3B20AE5DE000C9012B;
					};
					D4792F5A20AE5DE000C9012B = {
						CreatedOnToolsVersion = 9.2;
						ProvisioningStyle = Automatic;
						TestTargetID = D4792F3B20AE5DE000C9012B;
					};
				};
			};
			buildConfigurationList = D4792F3720AE5DE000C9012B /* Build configuration list for PBXProject "LTWB" */;
			compatibilityVersion = "Xcode 8.0";
			developmentRegion = en;
			hasScannedForEncodings = 0;
			knownRegions = (
				en,
				Base,
			);
			mainGroup = D4792F3320AE5DE000C9012B;
			productRefGroup = D4792F3D20AE5DE000C9012B /* Products */;
			projectDirPath = "";
			projectRoot = "";
			targets = (
				D4792F3B20AE5DE000C9012B /* LTWB */,
				D4792F4F20AE5DE000C9012B /* LTWBTests */,
				D4792F5A20AE5DE000C9012B /* LTWBUITests */,
			);
		};
/* End PBXProject section */

/* Begin PBXResourcesBuildPhase section */
		D4792F3A20AE5DE000C9012B /* Resources */ = {
			isa = PBXResourcesBuildPhase;
			buildActionMask = 2147483647;
			files = (
				D424156920C53B6D002168B2 /* TLPictureCell.xib in Resources */,
				D4411C5720AEB3EF0034BBE7 /* profile.storyboard in Resources */,
				D4411C5A20AEB4D00034BBE7 /* Null.storyboard in Resources */,
				D4B4FC3320C7BBB300607943 /* TLComposeViewController.xib in Resources */,
				D4792F4720AE5DE000C9012B /* Assets.xcassets in Resources */,
				D4792F8220AE634200C9012B /* MainVCSettings.json in Resources */,
				D4A8B81520B3FC990004E897 /* PopoverViewController.xib in Resources */,
				D4411C5220AEB3C40034BBE7 /* message.storyboard in Resources */,
				D4411C5520AEB3DD0034BBE7 /* discover.storyboard in Resources */,
				D4BE3CF520BC006C00241E7D /* TLWelcomeController.xib in Resources */,
				D4792F4520AE5DE000C9012B /* Main.storyboard in Resources */,
				D4411C5020AEB3A70034BBE7 /* home.storyboard in Resources */,
				D498A6B620B2B9930047F571 /* VisitorView.xib in Resources */,
				D47C4D4120BE93870030A4A9 /* TLHomeViewCell.xib in Resources */,
			);
			runOnlyForDeploymentPostprocessing = 0;
		};
		D4792F4E20AE5DE000C9012B /* Resources */ = {
			isa = PBXResourcesBuildPhase;
			buildActionMask = 2147483647;
			files = (
			);
			runOnlyForDeploymentPostprocessing = 0;
		};
		D4792F5920AE5DE000C9012B /* Resources */ = {
			isa = PBXResourcesBuildPhase;
			buildActionMask = 2147483647;
			files = (
			);
			runOnlyForDeploymentPostprocessing = 0;
		};
/* End PBXResourcesBuildPhase section */

/* Begin PBXShellScriptBuildPhase section */
		378AC5FE3946268EEB440C09 /* [CP] Check Pods Manifest.lock */ = {
			isa = PBXShellScriptBuildPhase;
			buildActionMask = 2147483647;
			files = (
			);
			inputPaths = (
				"${PODS_PODFILE_DIR_PATH}/Podfile.lock",
				"${PODS_ROOT}/Manifest.lock",
			);
			name = "[CP] Check Pods Manifest.lock";
			outputPaths = (
				"$(DERIVED_FILE_DIR)/Pods-LTWB-checkManifestLockResult.txt",
			);
			runOnlyForDeploymentPostprocessing = 0;
			shellPath = /bin/sh;
			shellScript = "diff \"${PODS_PODFILE_DIR_PATH}/Podfile.lock\" \"${PODS_ROOT}/Manifest.lock\" > /dev/null\nif [ $? != 0 ] ; then\n    # print error to STDERR\n    echo \"error: The sandbox is not in sync with the Podfile.lock. Run 'pod install' or update your CocoaPods installation.\" >&2\n    exit 1\nfi\n# This output is used by Xcode 'outputs' to avoid re-running this script phase.\necho \"SUCCESS\" > \"${SCRIPT_OUTPUT_FILE_0}\"\n";
			showEnvVarsInLog = 0;
		};
		C114A7B9162AC4B937660ED4 /* [CP] Embed Pods Frameworks */ = {
			isa = PBXShellScriptBuildPhase;
			buildActionMask = 2147483647;
			files = (
			);
			inputPaths = (
				"${SRCROOT}/Pods/Target Support Files/Pods-LTWB/Pods-LTWB-frameworks.sh",
				"${BUILT_PRODUCTS_DIR}/AFNetworking/AFNetworking.framework",
				"${BUILT_PRODUCTS_DIR}/MJRefresh/MJRefresh.framework",
				"${BUILT_PRODUCTS_DIR}/SDWebImage/SDWebImage.framework",
				"${BUILT_PRODUCTS_DIR}/SVProgressHUD/SVProgressHUD.framework",
				"${BUILT_PRODUCTS_DIR}/SnapKit/SnapKit.framework",
			);
			name = "[CP] Embed Pods Frameworks";
			outputPaths = (
				"${TARGET_BUILD_DIR}/${FRAMEWORKS_FOLDER_PATH}/AFNetworking.framework",
				"${TARGET_BUILD_DIR}/${FRAMEWORKS_FOLDER_PATH}/MJRefresh.framework",
				"${TARGET_BUILD_DIR}/${FRAMEWORKS_FOLDER_PATH}/SDWebImage.framework",
				"${TARGET_BUILD_DIR}/${FRAMEWORKS_FOLDER_PATH}/SVProgressHUD.framework",
				"${TARGET_BUILD_DIR}/${FRAMEWORKS_FOLDER_PATH}/SnapKit.framework",
			);
			runOnlyForDeploymentPostprocessing = 0;
			shellPath = /bin/sh;
			shellScript = "\"${SRCROOT}/Pods/Target Support Files/Pods-LTWB/Pods-LTWB-frameworks.sh\"\n";
			showEnvVarsInLog = 0;
		};
/* End PBXShellScriptBuildPhase section */

/* Begin PBXSourcesBuildPhase section */
		D4792F3820AE5DE000C9012B /* Sources */ = {
			isa = PBXSourcesBuildPhase;
			buildActionMask = 2147483647;
			files = (
				D4792F8020AE629900C9012B /* ProfileViewController.swift in Sources */,
				D47C4D3920BE4CDA0030A4A9 /* Date+Extension.swift in Sources */,
				D4B4FC3720C7C9D600607943 /* TLComposeTextView.swift in Sources */,
				D4792F4020AE5DE000C9012B /* AppDelegate.swift in Sources */,
				D498A6B220B2B8320047F571 /* BaseTableViewController.swift in Sources */,
				D4792F7820AE624E00C9012B /* MainTabBarViewController.swift in Sources */,
				D4659AB120B66B9800C733A6 /* OauthViewController.swift in Sources */,
				D4659AB420B68A7000C733A6 /* Comment.swift in Sources */,
				D47C4D4020BE93870030A4A9 /* TLHomeViewCell.swift in Sources */,
				D4B4FC3520C7BE3D00607943 /* TLComPoseTitleView.swift in Sources */,
				D4A8B81420B3FC990004E897 /* PopoverViewController.swift in Sources */,
				D4B4FC3220C7BBB300607943 /* TLComposeViewController.swift in Sources */,
				D47BDE7C20BD3469001B093A /* Statuses.swift in Sources */,
				D4BE3C9D20BBA6C800241E7D /* TLUserAcountViewModel.swift in Sources */,
				D424156820C53B6D002168B2 /* TLPictureCell.swift in Sources */,
				D47C4D3D20BE892E0030A4A9 /* StatusesViewModel.swift in Sources */,
				D4A8B81720B401530004E897 /* TLPresentationController.swift in Sources */,
				D4E784C520B54BA600102AA7 /* TLNetWorkTools.swift in Sources */,
				D4A8B81020B3E8160004E897 /* TitleButton.swift in Sources */,
				D4792F7C20AE627500C9012B /* MessageViewController.swift in Sources */,
				D4BE3CF420BC006C00241E7D /* TLWelcomeController.swift in Sources */,
				D4FE928D20BFE16300287814 /* PictureCollectionView.swift in Sources */,
				D4A8B81920B41D350004E897 /* PopoverAnimatior.swift in Sources */,
				D4BEE05D20B7EC4A00C021A9 /* TLUserAcount.swift in Sources */,
				D4A8B80E20B3C4620004E897 /* UIBarButtonItem+Extention.swift in Sources */,
				D4792F7A20AE626200C9012B /* HomeViewController.swift in Sources */,
				D498A6B420B2B9750047F571 /* VisitorView.swift in Sources */,
				D4792F7E20AE628700C9012B /* DiscoverViewController.swift in Sources */,
				D498A6AF20B2A0360047F571 /* UIButton+Extension.swift in Sources */,
				D47C4D3B20BE7F360030A4A9 /* User.swift in Sources */,
			);
			runOnlyForDeploymentPostprocessing = 0;
		};
		D4792F4C20AE5DE000C9012B /* Sources */ = {
			isa = PBXSourcesBuildPhase;
			buildActionMask = 2147483647;
			files = (
				D4792F5520AE5DE000C9012B /* LTWBTests.swift in Sources */,
			);
			runOnlyForDeploymentPostprocessing = 0;
		};
		D4792F5720AE5DE000C9012B /* Sources */ = {
			isa = PBXSourcesBuildPhase;
			buildActionMask = 2147483647;
			files = (
				D4792F6020AE5DE000C9012B /* LTWBUITests.swift in Sources */,
			);
			runOnlyForDeploymentPostprocessing = 0;
		};
/* End PBXSourcesBuildPhase section */

/* Begin PBXTargetDependency section */
		D4792F5220AE5DE000C9012B /* PBXTargetDependency */ = {
			isa = PBXTargetDependency;
			target = D4792F3B20AE5DE000C9012B /* LTWB */;
			targetProxy = D4792F5120AE5DE000C9012B /* PBXContainerItemProxy */;
		};
		D4792F5D20AE5DE000C9012B /* PBXTargetDependency */ = {
			isa = PBXTargetDependency;
			target = D4792F3B20AE5DE000C9012B /* LTWB */;
			targetProxy = D4792F5C20AE5DE000C9012B /* PBXContainerItemProxy */;
		};
/* End PBXTargetDependency section */

/* Begin PBXVariantGroup section */
		D4411C4E20AEB3A70034BBE7 /* home.storyboard */ = {
			isa = PBXVariantGroup;
			children = (
				D4411C4F20AEB3A70034BBE7 /* Base */,
			);
			name = home.storyboard;
			sourceTree = "<group>";
		};
		D4411C5320AEB3DD0034BBE7 /* discover.storyboard */ = {
			isa = PBXVariantGroup;
			children = (
				D4411C5420AEB3DD0034BBE7 /* Base */,
			);
			name = discover.storyboard;
			sourceTree = "<group>";
		};
		D4411C5820AEB4D00034BBE7 /* Null.storyboard */ = {
			isa = PBXVariantGroup;
			children = (
				D4411C5920AEB4D00034BBE7 /* Base */,
			);
			name = Null.storyboard;
			sourceTree = "<group>";
		};
		D4792F4320AE5DE000C9012B /* Main.storyboard */ = {
			isa = PBXVariantGroup;
			children = (
				D4792F4420AE5DE000C9012B /* Base */,
			);
			name = Main.storyboard;
			sourceTree = "<group>";
		};
/* End PBXVariantGroup section */

/* Begin XCBuildConfiguration section */
		D4792F6220AE5DE000C9012B /* Debug */ = {
			isa = XCBuildConfiguration;
			buildSettings = {
				ALWAYS_SEARCH_USER_PATHS = NO;
				CLANG_ANALYZER_NONNULL = YES;
				CLANG_ANALYZER_NUMBER_OBJECT_CONVERSION = YES_AGGRESSIVE;
				CLANG_CXX_LANGUAGE_STANDARD = "gnu++14";
				CLANG_CXX_LIBRARY = "libc++";
				CLANG_ENABLE_MODULES = YES;
				CLANG_ENABLE_OBJC_ARC = YES;
				CLANG_WARN_BLOCK_CAPTURE_AUTORELEASING = YES;
				CLANG_WARN_BOOL_CONVERSION = YES;
				CLANG_WARN_COMMA = YES;
				CLANG_WARN_CONSTANT_CONVERSION = YES;
				CLANG_WARN_DIRECT_OBJC_ISA_USAGE = YES_ERROR;
				CLANG_WARN_DOCUMENTATION_COMMENTS = YES;
				CLANG_WARN_EMPTY_BODY = YES;
				CLANG_WARN_ENUM_CONVERSION = YES;
				CLANG_WARN_INFINITE_RECURSION = YES;
				CLANG_WARN_INT_CONVERSION = YES;
				CLANG_WARN_NON_LITERAL_NULL_CONVERSION = YES;
				CLANG_WARN_OBJC_LITERAL_CONVERSION = YES;
				CLANG_WARN_OBJC_ROOT_CLASS = YES_ERROR;
				CLANG_WARN_RANGE_LOOP_ANALYSIS = YES;
				CLANG_WARN_STRICT_PROTOTYPES = YES;
				CLANG_WARN_SUSPICIOUS_MOVE = YES;
				CLANG_WARN_UNGUARDED_AVAILABILITY = YES_AGGRESSIVE;
				CLANG_WARN_UNREACHABLE_CODE = YES;
				CLANG_WARN__DUPLICATE_METHOD_MATCH = YES;
				CODE_SIGN_IDENTITY = "iPhone Developer";
				COPY_PHASE_STRIP = NO;
				DEBUG_INFORMATION_FORMAT = dwarf;
				ENABLE_STRICT_OBJC_MSGSEND = YES;
				ENABLE_TESTABILITY = YES;
				GCC_C_LANGUAGE_STANDARD = gnu11;
				GCC_DYNAMIC_NO_PIC = NO;
				GCC_NO_COMMON_BLOCKS = YES;
				GCC_OPTIMIZATION_LEVEL = 0;
				GCC_PREPROCESSOR_DEFINITIONS = (
					"DEBUG=1",
					"$(inherited)",
				);
				GCC_WARN_64_TO_32_BIT_CONVERSION = YES;
				GCC_WARN_ABOUT_RETURN_TYPE = YES_ERROR;
				GCC_WARN_UNDECLARED_SELECTOR = YES;
				GCC_WARN_UNINITIALIZED_AUTOS = YES_AGGRESSIVE;
				GCC_WARN_UNUSED_FUNCTION = YES;
				GCC_WARN_UNUSED_VARIABLE = YES;
				IPHONEOS_DEPLOYMENT_TARGET = 11.2;
				MTL_ENABLE_DEBUG_INFO = YES;
				ONLY_ACTIVE_ARCH = YES;
				SDKROOT = iphoneos;
				SWIFT_ACTIVE_COMPILATION_CONDITIONS = DEBUG;
				SWIFT_OPTIMIZATION_LEVEL = "-Onone";
			};
			name = Debug;
		};
		D4792F6320AE5DE000C9012B /* Release */ = {
			isa = XCBuildConfiguration;
			buildSettings = {
				ALWAYS_SEARCH_USER_PATHS = NO;
				CLANG_ANALYZER_NONNULL = YES;
				CLANG_ANALYZER_NUMBER_OBJECT_CONVERSION = YES_AGGRESSIVE;
				CLANG_CXX_LANGUAGE_STANDARD = "gnu++14";
				CLANG_CXX_LIBRARY = "libc++";
				CLANG_ENABLE_MODULES = YES;
				CLANG_ENABLE_OBJC_ARC = YES;
				CLANG_WARN_BLOCK_CAPTURE_AUTORELEASING = YES;
				CLANG_WARN_BOOL_CONVERSION = YES;
				CLANG_WARN_COMMA = YES;
				CLANG_WARN_CONSTANT_CONVERSION = YES;
				CLANG_WARN_DIRECT_OBJC_ISA_USAGE = YES_ERROR;
				CLANG_WARN_DOCUMENTATION_COMMENTS = YES;
				CLANG_WARN_EMPTY_BODY = YES;
				CLANG_WARN_ENUM_CONVERSION = YES;
				CLANG_WARN_INFINITE_RECURSION = YES;
				CLANG_WARN_INT_CONVERSION = YES;
				CLANG_WARN_NON_LITERAL_NULL_CONVERSION = YES;
				CLANG_WARN_OBJC_LITERAL_CONVERSION = YES;
				CLANG_WARN_OBJC_ROOT_CLASS = YES_ERROR;
				CLANG_WARN_RANGE_LOOP_ANALYSIS = YES;
				CLANG_WARN_STRICT_PROTOTYPES = YES;
				CLANG_WARN_SUSPICIOUS_MOVE = YES;
				CLANG_WARN_UNGUARDED_AVAILABILITY = YES_AGGRESSIVE;
				CLANG_WARN_UNREACHABLE_CODE = YES;
				CLANG_WARN__DUPLICATE_METHOD_MATCH = YES;
				CODE_SIGN_IDENTITY = "iPhone Developer";
				COPY_PHASE_STRIP = NO;
				DEBUG_INFORMATION_FORMAT = "dwarf-with-dsym";
				ENABLE_NS_ASSERTIONS = NO;
				ENABLE_STRICT_OBJC_MSGSEND = YES;
				GCC_C_LANGUAGE_STANDARD = gnu11;
				GCC_NO_COMMON_BLOCKS = YES;
				GCC_WARN_64_TO_32_BIT_CONVERSION = YES;
				GCC_WARN_ABOUT_RETURN_TYPE = YES_ERROR;
				GCC_WARN_UNDECLARED_SELECTOR = YES;
				GCC_WARN_UNINITIALIZED_AUTOS = YES_AGGRESSIVE;
				GCC_WARN_UNUSED_FUNCTION = YES;
				GCC_WARN_UNUSED_VARIABLE = YES;
				IPHONEOS_DEPLOYMENT_TARGET = 11.2;
				MTL_ENABLE_DEBUG_INFO = NO;
				SDKROOT = iphoneos;
				SWIFT_OPTIMIZATION_LEVEL = "-Owholemodule";
				VALIDATE_PRODUCT = YES;
			};
			name = Release;
		};
		D4792F6520AE5DE000C9012B /* Debug */ = {
			isa = XCBuildConfiguration;
			baseConfigurationReference = F3F09791194D6A7C4A7DAE83 /* Pods-LTWB.debug.xcconfig */;
			buildSettings = {
				ASSETCATALOG_COMPILER_APPICON_NAME = AppIcon;
				ASSETCATALOG_COMPILER_LAUNCHIMAGE_NAME = LaunchImage;
				CODE_SIGN_STYLE = Automatic;
				DEVELOPMENT_TEAM = 4ZCWHEW4VK;
				INFOPLIST_FILE = LTWB/Info.plist;
				IPHONEOS_DEPLOYMENT_TARGET = 9.0;
				LD_RUNPATH_SEARCH_PATHS = "$(inherited) @executable_path/Frameworks";
				PRODUCT_BUNDLE_IDENTIFIER = "com.CorePress.-LTD.LTWB";
				PRODUCT_NAME = "$(TARGET_NAME)";
				SWIFT_VERSION = 4.0;
				TARGETED_DEVICE_FAMILY = "1,2";
			};
			name = Debug;
		};
		D4792F6620AE5DE000C9012B /* Release */ = {
			isa = XCBuildConfiguration;
			baseConfigurationReference = F843A839D45FBC43520AAE31 /* Pods-LTWB.release.xcconfig */;
			buildSettings = {
				ASSETCATALOG_COMPILER_APPICON_NAME = AppIcon;
				ASSETCATALOG_COMPILER_LAUNCHIMAGE_NAME = LaunchImage;
				CODE_SIGN_STYLE = Automatic;
				DEVELOPMENT_TEAM = 4ZCWHEW4VK;
				INFOPLIST_FILE = LTWB/Info.plist;
				IPHONEOS_DEPLOYMENT_TARGET = 9.0;
				LD_RUNPATH_SEARCH_PATHS = "$(inherited) @executable_path/Frameworks";
				PRODUCT_BUNDLE_IDENTIFIER = "com.CorePress.-LTD.LTWB";
				PRODUCT_NAME = "$(TARGET_NAME)";
				SWIFT_VERSION = 4.0;
				TARGETED_DEVICE_FAMILY = "1,2";
			};
			name = Release;
		};
		D4792F6820AE5DE000C9012B /* Debug */ = {
			isa = XCBuildConfiguration;
			buildSettings = {
				ALWAYS_EMBED_SWIFT_STANDARD_LIBRARIES = YES;
				BUNDLE_LOADER = "$(TEST_HOST)";
				CODE_SIGN_STYLE = Automatic;
				INFOPLIST_FILE = LTWBTests/Info.plist;
				LD_RUNPATH_SEARCH_PATHS = "$(inherited) @executable_path/Frameworks @loader_path/Frameworks";
				PRODUCT_BUNDLE_IDENTIFIER = "com.CorePress.-LTD.LTWBTests";
				PRODUCT_NAME = "$(TARGET_NAME)";
				SWIFT_VERSION = 4.0;
				TARGETED_DEVICE_FAMILY = "1,2";
				TEST_HOST = "$(BUILT_PRODUCTS_DIR)/LTWB.app/LTWB";
			};
			name = Debug;
		};
		D4792F6920AE5DE000C9012B /* Release */ = {
			isa = XCBuildConfiguration;
			buildSettings = {
				ALWAYS_EMBED_SWIFT_STANDARD_LIBRARIES = YES;
				BUNDLE_LOADER = "$(TEST_HOST)";
				CODE_SIGN_STYLE = Automatic;
				INFOPLIST_FILE = LTWBTests/Info.plist;
				LD_RUNPATH_SEARCH_PATHS = "$(inherited) @executable_path/Frameworks @loader_path/Frameworks";
				PRODUCT_BUNDLE_IDENTIFIER = "com.CorePress.-LTD.LTWBTests";
				PRODUCT_NAME = "$(TARGET_NAME)";
				SWIFT_VERSION = 4.0;
				TARGETED_DEVICE_FAMILY = "1,2";
				TEST_HOST = "$(BUILT_PRODUCTS_DIR)/LTWB.app/LTWB";
			};
			name = Release;
		};
		D4792F6B20AE5DE000C9012B /* Debug */ = {
			isa = XCBuildConfiguration;
			buildSettings = {
				ALWAYS_EMBED_SWIFT_STANDARD_LIBRARIES = YES;
				CODE_SIGN_STYLE = Automatic;
				INFOPLIST_FILE = LTWBUITests/Info.plist;
				LD_RUNPATH_SEARCH_PATHS = "$(inherited) @executable_path/Frameworks @loader_path/Frameworks";
				PRODUCT_BUNDLE_IDENTIFIER = "com.CorePress.-LTD.LTWBUITests";
				PRODUCT_NAME = "$(TARGET_NAME)";
				SWIFT_VERSION = 4.0;
				TARGETED_DEVICE_FAMILY = "1,2";
				TEST_TARGET_NAME = LTWB;
			};
			name = Debug;
		};
		D4792F6C20AE5DE000C9012B /* Release */ = {
			isa = XCBuildConfiguration;
			buildSettings = {
				ALWAYS_EMBED_SWIFT_STANDARD_LIBRARIES = YES;
				CODE_SIGN_STYLE = Automatic;
				INFOPLIST_FILE = LTWBUITests/Info.plist;
				LD_RUNPATH_SEARCH_PATHS = "$(inherited) @executable_path/Frameworks @loader_path/Frameworks";
				PRODUCT_BUNDLE_IDENTIFIER = "com.CorePress.-LTD.LTWBUITests";
				PRODUCT_NAME = "$(TARGET_NAME)";
				SWIFT_VERSION = 4.0;
				TARGETED_DEVICE_FAMILY = "1,2";
				TEST_TARGET_NAME = LTWB;
			};
			name = Release;
		};
/* End XCBuildConfiguration section */

/* Begin XCConfigurationList section */
		D4792F3720AE5DE000C9012B /* Build configuration list for PBXProject "LTWB" */ = {
			isa = XCConfigurationList;
			buildConfigurations = (
				D4792F6220AE5DE000C9012B /* Debug */,
				D4792F6320AE5DE000C9012B /* Release */,
			);
			defaultConfigurationIsVisible = 0;
			defaultConfigurationName = Release;
		};
		D4792F6420AE5DE000C9012B /* Build configuration list for PBXNativeTarget "LTWB" */ = {
			isa = XCConfigurationList;
			buildConfigurations = (
				D4792F6520AE5DE000C9012B /* Debug */,
				D4792F6620AE5DE000C9012B /* Release */,
			);
			defaultConfigurationIsVisible = 0;
			defaultConfigurationName = Release;
		};
		D4792F6720AE5DE000C9012B /* Build configuration list for PBXNativeTarget "LTWBTests" */ = {
			isa = XCConfigurationList;
			buildConfigurations = (
				D4792F6820AE5DE000C9012B /* Debug */,
				D4792F6920AE5DE000C9012B /* Release */,
			);
			defaultConfigurationIsVisible = 0;
			defaultConfigurationName = Release;
		};
		D4792F6A20AE5DE000C9012B /* Build configuration list for PBXNativeTarget "LTWBUITests" */ = {
			isa = XCConfigurationList;
			buildConfigurations = (
				D4792F6B20AE5DE000C9012B /* Debug */,
				D4792F6C20AE5DE000C9012B /* Release */,
			);
			defaultConfigurationIsVisible = 0;
			defaultConfigurationName = Release;
		};
/* End XCConfigurationList section */
	};
	rootObject = D4792F3420AE5DE000C9012B /* Project object */;
}
